// !$*UTF8*$!
{
	archiveVersion = 1;
	classes = {
	};
	objectVersion = 51;
	objects = {

/* Begin PBXBuildFile section */
		360EA0346B5E63977944A9FC /* Pods_Multiplica.framework in Frameworks */ = {isa = PBXBuildFile; fileRef = EDDB7965BD95AAF55BE43543 /* Pods_Multiplica.framework */; };
		C93E884125B277EA00D2F65A /* TableViewAeropuertos.swift in Sources */ = {isa = PBXBuildFile; fileRef = C93E884025B277EA00D2F65A /* TableViewAeropuertos.swift */; };
		C94766A325B23FCF00F2DA35 /* AppDelegate.swift in Sources */ = {isa = PBXBuildFile; fileRef = C94766A225B23FCF00F2DA35 /* AppDelegate.swift */; };
		C94766A525B23FD000F2DA35 /* SceneDelegate.swift in Sources */ = {isa = PBXBuildFile; fileRef = C94766A425B23FD000F2DA35 /* SceneDelegate.swift */; };
		C94766A725B23FD000F2DA35 /* MapView.swift in Sources */ = {isa = PBXBuildFile; fileRef = C94766A625B23FD000F2DA35 /* MapView.swift */; };
		C94766AA25B23FD000F2DA35 /* Main.storyboard in Resources */ = {isa = PBXBuildFile; fileRef = C94766A825B23FD000F2DA35 /* Main.storyboard */; };
		C94766AC25B23FD200F2DA35 /* Assets.xcassets in Resources */ = {isa = PBXBuildFile; fileRef = C94766AB25B23FD200F2DA35 /* Assets.xcassets */; };
		C94766AF25B23FD200F2DA35 /* LaunchScreen.storyboard in Resources */ = {isa = PBXBuildFile; fileRef = C94766AD25B23FD200F2DA35 /* LaunchScreen.storyboard */; };
		C94766BC25B2651E00F2DA35 /* RadioAeropuertos.swift in Sources */ = {isa = PBXBuildFile; fileRef = C94766BB25B2651E00F2DA35 /* RadioAeropuertos.swift */; };
		C94F945D25B5159900771BB5 /* AirportModel.swift in Sources */ = {isa = PBXBuildFile; fileRef = C94F945C25B5159900771BB5 /* AirportModel.swift */; };
		C9DF427425B27CEE0006C0D0 /* TableViewCellAero.swift in Sources */ = {isa = PBXBuildFile; fileRef = C9DF427225B27CEE0006C0D0 /* TableViewCellAero.swift */; };
		C9DF427525B27CEE0006C0D0 /* TableViewCellAero.xib in Resources */ = {isa = PBXBuildFile; fileRef = C9DF427325B27CEE0006C0D0 /* TableViewCellAero.xib */; };
/* End PBXBuildFile section */

/* Begin PBXFileReference section */
		5F4EF8987B23B50101981511 /* Pods-Multiplica.release.xcconfig */ = {isa = PBXFileReference; includeInIndex = 1; lastKnownFileType = text.xcconfig; name = "Pods-Multiplica.release.xcconfig"; path = "Target Support Files/Pods-Multiplica/Pods-Multiplica.release.xcconfig"; sourceTree = "<group>"; };
		8FDF694329A6448CEEE621C2 /* Pods-Multiplica.debug.xcconfig */ = {isa = PBXFileReference; includeInIndex = 1; lastKnownFileType = text.xcconfig; name = "Pods-Multiplica.debug.xcconfig"; path = "Target Support Files/Pods-Multiplica/Pods-Multiplica.debug.xcconfig"; sourceTree = "<group>"; };
		C93E884025B277EA00D2F65A /* TableViewAeropuertos.swift */ = {isa = PBXFileReference; lastKnownFileType = sourcecode.swift; path = TableViewAeropuertos.swift; sourceTree = "<group>"; };
		C947669F25B23FCF00F2DA35 /* Multiplica.app */ = {isa = PBXFileReference; explicitFileType = wrapper.application; includeInIndex = 0; path = Multiplica.app; sourceTree = BUILT_PRODUCTS_DIR; };
		C94766A225B23FCF00F2DA35 /* AppDelegate.swift */ = {isa = PBXFileReference; lastKnownFileType = sourcecode.swift; path = AppDelegate.swift; sourceTree = "<group>"; };
		C94766A425B23FD000F2DA35 /* SceneDelegate.swift */ = {isa = PBXFileReference; lastKnownFileType = sourcecode.swift; path = SceneDelegate.swift; sourceTree = "<group>"; };
		C94766A625B23FD000F2DA35 /* MapView.swift */ = {isa = PBXFileReference; lastKnownFileType = sourcecode.swift; path = MapView.swift; sourceTree = "<group>"; };
		C94766A925B23FD000F2DA35 /* Base */ = {isa = PBXFileReference; lastKnownFileType = file.storyboard; name = Base; path = Base.lproj/Main.storyboard; sourceTree = "<group>"; };
		C94766AB25B23FD200F2DA35 /* Assets.xcassets */ = {isa = PBXFileReference; lastKnownFileType = folder.assetcatalog; path = Assets.xcassets; sourceTree = "<group>"; };
		C94766AE25B23FD200F2DA35 /* Base */ = {isa = PBXFileReference; lastKnownFileType = file.storyboard; name = Base; path = Base.lproj/LaunchScreen.storyboard; sourceTree = "<group>"; };
		C94766B025B23FD200F2DA35 /* Info.plist */ = {isa = PBXFileReference; lastKnownFileType = text.plist.xml; path = Info.plist; sourceTree = "<group>"; };
		C94766BB25B2651E00F2DA35 /* RadioAeropuertos.swift */ = {isa = PBXFileReference; lastKnownFileType = sourcecode.swift; path = RadioAeropuertos.swift; sourceTree = "<group>"; };
		C94F945C25B5159900771BB5 /* AirportModel.swift */ = {isa = PBXFileReference; lastKnownFileType = sourcecode.swift; path = AirportModel.swift; sourceTree = "<group>"; };
		C9DF427225B27CEE0006C0D0 /* TableViewCellAero.swift */ = {isa = PBXFileReference; lastKnownFileType = sourcecode.swift; path = TableViewCellAero.swift; sourceTree = "<group>"; };
		C9DF427325B27CEE0006C0D0 /* TableViewCellAero.xib */ = {isa = PBXFileReference; lastKnownFileType = file.xib; path = TableViewCellAero.xib; sourceTree = "<group>"; };
		EDDB7965BD95AAF55BE43543 /* Pods_Multiplica.framework */ = {isa = PBXFileReference; explicitFileType = wrapper.framework; includeInIndex = 0; path = Pods_Multiplica.framework; sourceTree = BUILT_PRODUCTS_DIR; };
/* End PBXFileReference section */

/* Begin PBXFrameworksBuildPhase section */
		C947669C25B23FCF00F2DA35 /* Frameworks */ = {
			isa = PBXFrameworksBuildPhase;
			buildActionMask = 2147483647;
			files = (
				360EA0346B5E63977944A9FC /* Pods_Multiplica.framework in Frameworks */,
			);
			runOnlyForDeploymentPostprocessing = 0;
		};
/* End PBXFrameworksBuildPhase section */

/* Begin PBXGroup section */
		06A2A1DEAD27EF0D5C5B04CB /* Frameworks */ = {
			isa = PBXGroup;
			children = (
				EDDB7965BD95AAF55BE43543 /* Pods_Multiplica.framework */,
			);
			name = Frameworks;
			sourceTree = "<group>";
		};
		7911692E71969031A23164FD /* Pods */ = {
			isa = PBXGroup;
			children = (
				8FDF694329A6448CEEE621C2 /* Pods-Multiplica.debug.xcconfig */,
				5F4EF8987B23B50101981511 /* Pods-Multiplica.release.xcconfig */,
			);
			path = Pods;
			sourceTree = "<group>";
		};
		C93E884325B27C7A00D2F65A /* Cells */ = {
			isa = PBXGroup;
			children = (
				C9DF427225B27CEE0006C0D0 /* TableViewCellAero.swift */,
				C9DF427325B27CEE0006C0D0 /* TableViewCellAero.xib */,
			);
			path = Cells;
			sourceTree = "<group>";
		};
		C947669625B23FCF00F2DA35 = {
			isa = PBXGroup;
			children = (
				C94F945B25B5158500771BB5 /* Model */,
				C94766A125B23FCF00F2DA35 /* Multiplica */,
				C94766A025B23FCF00F2DA35 /* Products */,
				7911692E71969031A23164FD /* Pods */,
				06A2A1DEAD27EF0D5C5B04CB /* Frameworks */,
			);
			sourceTree = "<group>";
		};
		C94766A025B23FCF00F2DA35 /* Products */ = {
			isa = PBXGroup;
			children = (
				C947669F25B23FCF00F2DA35 /* Multiplica.app */,
			);
			name = Products;
			sourceTree = "<group>";
		};
		C94766A125B23FCF00F2DA35 /* Multiplica */ = {
			isa = PBXGroup;
			children = (
				C94766B025B23FD200F2DA35 /* Info.plist */,
				C94766A225B23FCF00F2DA35 /* AppDelegate.swift */,
				C94766A425B23FD000F2DA35 /* SceneDelegate.swift */,
				C93E884325B27C7A00D2F65A /* Cells */,
				C9AFCF2925B3C72F00BF1F83 /* View Controllers */,
				C9AFCF2A25B3C78200BF1F83 /* Resources */,
			);
			path = Multiplica;
			sourceTree = "<group>";
		};
		C94F945B25B5158500771BB5 /* Model */ = {
			isa = PBXGroup;
			children = (
				C94F945C25B5159900771BB5 /* AirportModel.swift */,
			);
			path = Model;
			sourceTree = "<group>";
		};
		C9AFCF2925B3C72F00BF1F83 /* View Controllers */ = {
			isa = PBXGroup;
			children = (
				C94766BB25B2651E00F2DA35 /* RadioAeropuertos.swift */,
				C94766A625B23FD000F2DA35 /* MapView.swift */,
				C93E884025B277EA00D2F65A /* TableViewAeropuertos.swift */,
			);
			path = "View Controllers";
			sourceTree = "<group>";
		};
		C9AFCF2A25B3C78200BF1F83 /* Resources */ = {
			isa = PBXGroup;
			children = (
				C94766A825B23FD000F2DA35 /* Main.storyboard */,
				C94766AB25B23FD200F2DA35 /* Assets.xcassets */,
				C94766AD25B23FD200F2DA35 /* LaunchScreen.storyboard */,
			);
			path = Resources;
			sourceTree = "<group>";
		};
/* End PBXGroup section */

/* Begin PBXNativeTarget section */
		C947669E25B23FCF00F2DA35 /* Multiplica */ = {
			isa = PBXNativeTarget;
			buildConfigurationList = C94766B325B23FD200F2DA35 /* Build configuration list for PBXNativeTarget "Multiplica" */;
			buildPhases = (
				E1387FA32C2E523DFA0D3FDE /* [CP] Check Pods Manifest.lock */,
				C947669B25B23FCF00F2DA35 /* Sources */,
				C947669C25B23FCF00F2DA35 /* Frameworks */,
				C947669D25B23FCF00F2DA35 /* Resources */,
				3A65F3E75F9AA966C8BF42D8 /* [CP] Embed Pods Frameworks */,
			);
			buildRules = (
			);
			dependencies = (
			);
			name = Multiplica;
			productName = Multiplica;
			productReference = C947669F25B23FCF00F2DA35 /* Multiplica.app */;
			productType = "com.apple.product-type.application";
		};
/* End PBXNativeTarget section */

/* Begin PBXProject section */
		C947669725B23FCF00F2DA35 /* Project object */ = {
			isa = PBXProject;
			attributes = {
				LastSwiftUpdateCheck = 1230;
				LastUpgradeCheck = 1230;
				TargetAttributes = {
					C947669E25B23FCF00F2DA35 = {
						CreatedOnToolsVersion = 12.3;
					};
				};
			};
			buildConfigurationList = C947669A25B23FCF00F2DA35 /* Build configuration list for PBXProject "Multiplica" */;
			compatibilityVersion = "Xcode 9.3";
			developmentRegion = en;
			hasScannedForEncodings = 0;
			knownRegions = (
				en,
				Base,
			);
			mainGroup = C947669625B23FCF00F2DA35;
			productRefGroup = C94766A025B23FCF00F2DA35 /* Products */;
			projectDirPath = "";
			projectRoot = "";
			targets = (
				C947669E25B23FCF00F2DA35 /* Multiplica */,
			);
		};
/* End PBXProject section */

/* Begin PBXResourcesBuildPhase section */
		C947669D25B23FCF00F2DA35 /* Resources */ = {
			isa = PBXResourcesBuildPhase;
			buildActionMask = 2147483647;
			files = (
				C9DF427525B27CEE0006C0D0 /* TableViewCellAero.xib in Resources */,
				C94766AF25B23FD200F2DA35 /* LaunchScreen.storyboard in Resources */,
				C94766AC25B23FD200F2DA35 /* Assets.xcassets in Resources */,
				C94766AA25B23FD000F2DA35 /* Main.storyboard in Resources */,
			);
			runOnlyForDeploymentPostprocessing = 0;
		};
/* End PBXResourcesBuildPhase section */

/* Begin PBXShellScriptBuildPhase section */
		3A65F3E75F9AA966C8BF42D8 /* [CP] Embed Pods Frameworks */ = {
			isa = PBXShellScriptBuildPhase;
			buildActionMask = 2147483647;
			files = (
			);
			inputFileListPaths = (
				"${PODS_ROOT}/Target Support Files/Pods-Multiplica/Pods-Multiplica-frameworks-${CONFIGURATION}-input-files.xcfilelist",
			);
			name = "[CP] Embed Pods Frameworks";
			outputFileListPaths = (
				"${PODS_ROOT}/Target Support Files/Pods-Multiplica/Pods-Multiplica-frameworks-${CONFIGURATION}-output-files.xcfilelist",
			);
			runOnlyForDeploymentPostprocessing = 0;
			shellPath = /bin/sh;
			shellScript = "\"${PODS_ROOT}/Target Support Files/Pods-Multiplica/Pods-Multiplica-frameworks.sh\"\n";
			showEnvVarsInLog = 0;
		};
		E1387FA32C2E523DFA0D3FDE /* [CP] Check Pods Manifest.lock */ = {
			isa = PBXShellScriptBuildPhase;
			buildActionMask = 2147483647;
			files = (
			);
			inputFileListPaths = (
			);
			inputPaths = (
				"${PODS_PODFILE_DIR_PATH}/Podfile.lock",
				"${PODS_ROOT}/Manifest.lock",
			);
			name = "[CP] Check Pods Manifest.lock";
			outputFileListPaths = (
			);
			outputPaths = (
				"$(DERIVED_FILE_DIR)/Pods-Multiplica-checkManifestLockResult.txt",
			);
			runOnlyForDeploymentPostprocessing = 0;
			shellPath = /bin/sh;
			shellScript = "diff \"${PODS_PODFILE_DIR_PATH}/Podfile.lock\" \"${PODS_ROOT}/Manifest.lock\" > /dev/null\nif [ $? != 0 ] ; then\n    # print error to STDERR\n    echo \"error: The sandbox is not in sync with the Podfile.lock. Run 'pod install' or update your CocoaPods installation.\" >&2\n    exit 1\nfi\n# This output is used by Xcode 'outputs' to avoid re-running this script phase.\necho \"SUCCESS\" > \"${SCRIPT_OUTPUT_FILE_0}\"\n";
			showEnvVarsInLog = 0;
		};
/* End PBXShellScriptBuildPhase section */

/* Begin PBXSourcesBuildPhase section */
		C947669B25B23FCF00F2DA35 /* Sources */ = {
			isa = PBXSourcesBuildPhase;
			buildActionMask = 2147483647;
			files = (
				C9DF427425B27CEE0006C0D0 /* TableViewCellAero.swift in Sources */,
				C94766A725B23FD000F2DA35 /* MapView.swift in Sources */,
				C94766BC25B2651E00F2DA35 /* RadioAeropuertos.swift in Sources */,
				C94766A325B23FCF00F2DA35 /* AppDelegate.swift in Sources */,
				C94766A525B23FD000F2DA35 /* SceneDelegate.swift in Sources */,
				C94F945D25B5159900771BB5 /* AirportModel.swift in Sources */,
				C93E884125B277EA00D2F65A /* TableViewAeropuertos.swift in Sources */,
			);
			runOnlyForDeploymentPostprocessing = 0;
		};
/* End PBXSourcesBuildPhase section */

/* Begin PBXVariantGroup section */
		C94766A825B23FD000F2DA35 /* Main.storyboard */ = {
			isa = PBXVariantGroup;
			children = (
				C94766A925B23FD000F2DA35 /* Base */,
			);
			name = Main.storyboard;
			sourceTree = "<group>";
		};
		C94766AD25B23FD200F2DA35 /* LaunchScreen.storyboard */ = {
			isa = PBXVariantGroup;
			children = (
				C94766AE25B23FD200F2DA35 /* Base */,
			);
			name = LaunchScreen.storyboard;
			sourceTree = "<group>";
		};
/* End PBXVariantGroup section */

/* Begin XCBuildConfiguration section */
		C94766B125B23FD200F2DA35 /* Debug */ = {
			isa = XCBuildConfiguration;
			buildSettings = {
				ALWAYS_SEARCH_USER_PATHS = NO;
				CLANG_ANALYZER_NONNULL = YES;
				CLANG_ANALYZER_NUMBER_OBJECT_CONVERSION = YES_AGGRESSIVE;
				CLANG_CXX_LANGUAGE_STANDARD = "gnu++14";
				CLANG_CXX_LIBRARY = "libc++";
				CLANG_ENABLE_MODULES = YES;
				CLANG_ENABLE_OBJC_ARC = YES;
				CLANG_ENABLE_OBJC_WEAK = YES;
				CLANG_WARN_BLOCK_CAPTURE_AUTORELEASING = YES;
				CLANG_WARN_BOOL_CONVERSION = YES;
				CLANG_WARN_COMMA = YES;
				CLANG_WARN_CONSTANT_CONVERSION = YES;
				CLANG_WARN_DEPRECATED_OBJC_IMPLEMENTATIONS = YES;
				CLANG_WARN_DIRECT_OBJC_ISA_USAGE = YES_ERROR;
				CLANG_WARN_DOCUMENTATION_COMMENTS = YES;
				CLANG_WARN_EMPTY_BODY = YES;
				CLANG_WARN_ENUM_CONVERSION = YES;
				CLANG_WARN_INFINITE_RECURSION = YES;
				CLANG_WARN_INT_CONVERSION = YES;
				CLANG_WARN_NON_LITERAL_NULL_CONVERSION = YES;
				CLANG_WARN_OBJC_IMPLICIT_RETAIN_SELF = YES;
				CLANG_WARN_OBJC_LITERAL_CONVERSION = YES;
				CLANG_WARN_OBJC_ROOT_CLASS = YES_ERROR;
				CLANG_WARN_QUOTED_INCLUDE_IN_FRAMEWORK_HEADER = YES;
				CLANG_WARN_RANGE_LOOP_ANALYSIS = YES;
				CLANG_WARN_STRICT_PROTOTYPES = YES;
				CLANG_WARN_SUSPICIOUS_MOVE = YES;
				CLANG_WARN_UNGUARDED_AVAILABILITY = YES_AGGRESSIVE;
				CLANG_WARN_UNREACHABLE_CODE = YES;
				CLANG_WARN__DUPLICATE_METHOD_MATCH = YES;
				COPY_PHASE_STRIP = NO;
				DEBUG_INFORMATION_FORMAT = dwarf;
				ENABLE_STRICT_OBJC_MSGSEND = YES;
				ENABLE_TESTABILITY = YES;
				GCC_C_LANGUAGE_STANDARD = gnu11;
				GCC_DYNAMIC_NO_PIC = NO;
				GCC_NO_COMMON_BLOCKS = YES;
				GCC_OPTIMIZATION_LEVEL = 0;
				GCC_PREPROCESSOR_DEFINITIONS = (
					"DEBUG=1",
					"$(inherited)",
				);
				GCC_WARN_64_TO_32_BIT_CONVERSION = YES;
				GCC_WARN_ABOUT_RETURN_TYPE = YES_ERROR;
				GCC_WARN_UNDECLARED_SELECTOR = YES;
				GCC_WARN_UNINITIALIZED_AUTOS = YES_AGGRESSIVE;
				GCC_WARN_UNUSED_FUNCTION = YES;
				GCC_WARN_UNUSED_VARIABLE = YES;
				IPHONEOS_DEPLOYMENT_TARGET = 14.3;
				MTL_ENABLE_DEBUG_INFO = INCLUDE_SOURCE;
				MTL_FAST_MATH = YES;
				ONLY_ACTIVE_ARCH = YES;
				SDKROOT = iphoneos;
				SWIFT_ACTIVE_COMPILATION_CONDITIONS = DEBUG;
				SWIFT_OPTIMIZATION_LEVEL = "-Onone";
			};
			name = Debug;
		};
		C94766B225B23FD200F2DA35 /* Release */ = {
			isa = XCBuildConfiguration;
			buildSettings = {
				ALWAYS_SEARCH_USER_PATHS = NO;
				CLANG_ANALYZER_NONNULL = YES;
				CLANG_ANALYZER_NUMBER_OBJECT_CONVERSION = YES_AGGRESSIVE;
				CLANG_CXX_LANGUAGE_STANDARD = "gnu++14";
				CLANG_CXX_LIBRARY = "libc++";
				CLANG_ENABLE_MODULES = YES;
				CLANG_ENABLE_OBJC_ARC = YES;
				CLANG_ENABLE_OBJC_WEAK = YES;
				CLANG_WARN_BLOCK_CAPTURE_AUTORELEASING = YES;
				CLANG_WARN_BOOL_CONVERSION = YES;
				CLANG_WARN_COMMA = YES;
				CLANG_WARN_CONSTANT_CONVERSION = YES;
				CLANG_WARN_DEPRECATED_OBJC_IMPLEMENTATIONS = YES;
				CLANG_WARN_DIRECT_OBJC_ISA_USAGE = YES_ERROR;
				CLANG_WARN_DOCUMENTATION_COMMENTS = YES;
				CLANG_WARN_EMPTY_BODY = YES;
				CLANG_WARN_ENUM_CONVERSION = YES;
				CLANG_WARN_INFINITE_RECURSION = YES;
				CLANG_WARN_INT_CONVERSION = YES;
				CLANG_WARN_NON_LITERAL_NULL_CONVERSION = YES;
				CLANG_WARN_OBJC_IMPLICIT_RETAIN_SELF = YES;
				CLANG_WARN_OBJC_LITERAL_CONVERSION = YES;
				CLANG_WARN_OBJC_ROOT_CLASS = YES_ERROR;
				CLANG_WARN_QUOTED_INCLUDE_IN_FRAMEWORK_HEADER = YES;
				CLANG_WARN_RANGE_LOOP_ANALYSIS = YES;
				CLANG_WARN_STRICT_PROTOTYPES = YES;
				CLANG_WARN_SUSPICIOUS_MOVE = YES;
				CLANG_WARN_UNGUARDED_AVAILABILITY = YES_AGGRESSIVE;
				CLANG_WARN_UNREACHABLE_CODE = YES;
				CLANG_WARN__DUPLICATE_METHOD_MATCH = YES;
				COPY_PHASE_STRIP = NO;
				DEBUG_INFORMATION_FORMAT = "dwarf-with-dsym";
				ENABLE_NS_ASSERTIONS = NO;
				ENABLE_STRICT_OBJC_MSGSEND = YES;
				GCC_C_LANGUAGE_STANDARD = gnu11;
				GCC_NO_COMMON_BLOCKS = YES;
				GCC_WARN_64_TO_32_BIT_CONVERSION = YES;
				GCC_WARN_ABOUT_RETURN_TYPE = YES_ERROR;
				GCC_WARN_UNDECLARED_SELECTOR = YES;
				GCC_WARN_UNINITIALIZED_AUTOS = YES_AGGRESSIVE;
				GCC_WARN_UNUSED_FUNCTION = YES;
				GCC_WARN_UNUSED_VARIABLE = YES;
				IPHONEOS_DEPLOYMENT_TARGET = 14.3;
				MTL_ENABLE_DEBUG_INFO = NO;
				MTL_FAST_MATH = YES;
				SDKROOT = iphoneos;
				SWIFT_COMPILATION_MODE = wholemodule;
				SWIFT_OPTIMIZATION_LEVEL = "-O";
				VALIDATE_PRODUCT = YES;
			};
			name = Release;
		};
		C94766B425B23FD200F2DA35 /* Debug */ = {
			isa = XCBuildConfiguration;
			baseConfigurationReference = 8FDF694329A6448CEEE621C2 /* Pods-Multiplica.debug.xcconfig */;
			buildSettings = {
				ASSETCATALOG_COMPILER_APPICON_NAME = AppIcon;
				ASSETCATALOG_COMPILER_GLOBAL_ACCENT_COLOR_NAME = AccentColor;
				CODE_SIGN_STYLE = Automatic;
				DEVELOPMENT_TEAM = TXJ7W24BC8;
				INFOPLIST_FILE = Multiplica/Info.plist;
				LD_RUNPATH_SEARCH_PATHS = (
					"$(inherited)",
					"@executable_path/Frameworks",
				);
				PRODUCT_BUNDLE_IDENTIFIER = com.gustavogutierrez.Multiplica;
				PRODUCT_NAME = "$(TARGET_NAME)";
				SWIFT_VERSION = 5.0;
				TARGETED_DEVICE_FAMILY = "1,2";
			};
			name = Debug;
		};
		C94766B525B23FD200F2DA35 /* Release */ = {
			isa = XCBuildConfiguration;
			baseConfigurationReference = 5F4EF8987B23B50101981511 /* Pods-Multiplica.release.xcconfig */;
			buildSettings = {
				ASSETCATALOG_COMPILER_APPICON_NAME = AppIcon;
				ASSETCATALOG_COMPILER_GLOBAL_ACCENT_COLOR_NAME = AccentColor;
				CODE_SIGN_STYLE = Automatic;
				DEVELOPMENT_TEAM = TXJ7W24BC8;
				INFOPLIST_FILE = Multiplica/Info.plist;
				LD_RUNPATH_SEARCH_PATHS = (
					"$(inherited)",
					"@executable_path/Frameworks",
				);
				PRODUCT_BUNDLE_IDENTIFIER = com.gustavogutierrez.Multiplica;
				PRODUCT_NAME = "$(TARGET_NAME)";
				SWIFT_VERSION = 5.0;
				TARGETED_DEVICE_FAMILY = "1,2";
			};
			name = Release;
		};
/* End XCBuildConfiguration section */

/* Begin XCConfigurationList section */
		C947669A25B23FCF00F2DA35 /* Build configuration list for PBXProject "Multiplica" */ = {
			isa = XCConfigurationList;
			buildConfigurations = (
				C94766B125B23FD200F2DA35 /* Debug */,
				C94766B225B23FD200F2DA35 /* Release */,
			);
			defaultConfigurationIsVisible = 0;
			defaultConfigurationName = Release;
		};
		C94766B325B23FD200F2DA35 /* Build configuration list for PBXNativeTarget "Multiplica" */ = {
			isa = XCConfigurationList;
			buildConfigurations = (
				C94766B425B23FD200F2DA35 /* Debug */,
				C94766B525B23FD200F2DA35 /* Release */,
			);
			defaultConfigurationIsVisible = 0;
			defaultConfigurationName = Release;
		};
/* End XCConfigurationList section */
	};
	rootObject = C947669725B23FCF00F2DA35 /* Project object */;
}
